
Microsoft Visual Studio Solution File, Format Version 12.00
# Visual Studio 2013
VisualStudioVersion = 12.0.30501.0
MinimumVisualStudioVersion = 10.0.40219.1
Project("{FAE04EC0-301F-11D3-BF4B-00C04F79EFBC}") = "NPCGen.Legacy", "Legacy\NPCGen.Legacy.csproj", "{6F667C1C-C443-4878-B99F-7677BDFD93AB}"
EndProject
Project("{FAE04EC0-301F-11D3-BF4B-00C04F79EFBC}") = "NPCGen.Bootstrap", "Bootstrap\NPCGen.Bootstrap.csproj", "{18C602E6-823C-4CEC-85D3-5EDDDCA545DB}"
EndProject
Project("{2150E333-8FDC-42A3-9474-1A3956D46DE8}") = "Tests", "Tests", "{7121D619-B8F2-4D63-86AE-43A8D504F3EB}"
EndProject
Project("{2150E333-8FDC-42A3-9474-1A3956D46DE8}") = "Integration", "Integration", "{7B90C9B4-6572-4239-9985-400C1DC15479}"
EndProject
Project("{FAE04EC0-301F-11D3-BF4B-00C04F79EFBC}") = "NPCGen.Tests.Integration.Common", "Tests\Integration\Common\NPCGen.Tests.Integration.Common.csproj", "{A9371758-2DE3-43AF-857D-7140B1C0A78C}"
EndProject
Project("{FAE04EC0-301F-11D3-BF4B-00C04F79EFBC}") = "NPCGen.Tests.Integration.Stress", "Tests\Integration\Stress\NPCGen.Tests.Integration.Stress.csproj", "{478CD8EC-751F-419E-97A5-44800CA4B950}"
EndProject
Project("{2150E333-8FDC-42A3-9474-1A3956D46DE8}") = "Clients", "Clients", "{C61A405A-B08F-4D75-BE62-3DE1B36FA6C5}"
EndProject
Project("{2150E333-8FDC-42A3-9474-1A3956D46DE8}") = "NPCGen", "NPCGen", "{26301197-4BC2-4FD2-BBB2-D17ADED156A1}"
EndProject
Project("{2150E333-8FDC-42A3-9474-1A3956D46DE8}") = "Generators", "Generators", "{F73B0C59-9390-4602-B621-29CFA0C8D0BF}"
EndProject
Project("{2150E333-8FDC-42A3-9474-1A3956D46DE8}") = "Selectors", "Selectors", "{D7202C77-D325-464A-8DDE-57FC88096239}"
EndProject
Project("{2150E333-8FDC-42A3-9474-1A3956D46DE8}") = "Mappers", "Mappers", "{431B7EBA-5A35-40E2-B019-6B3336478FD5}"
EndProject
Project("{2150E333-8FDC-42A3-9474-1A3956D46DE8}") = "Tables", "Tables", "{54FB5AA8-98FA-41B9-AFA1-106B05A2254C}"
EndProject
Project("{2150E333-8FDC-42A3-9474-1A3956D46DE8}") = "Common", "Common", "{EB187B43-F3BC-440D-A34E-15DA89597DF8}"
EndProject
Project("{2150E333-8FDC-42A3-9474-1A3956D46DE8}") = "Unit", "Unit", "{CFBA617E-6E73-4FA8-9F8E-AABD8C170CE4}"
EndProject
Project("{FAE04EC0-301F-11D3-BF4B-00C04F79EFBC}") = "NPCGen.Common", "NPCGen\Common\NPCGen.Common.csproj", "{83F2B67C-3EB0-4E46-AAD5-BAFAA2E35689}"
EndProject
Project("{FAE04EC0-301F-11D3-BF4B-00C04F79EFBC}") = "NPCGen.Generators", "NPCGen\Generators\NPCGen.Generators\NPCGen.Generators.csproj", "{8611F130-C7BF-4EF9-BE78-E2624C58861F}"
EndProject
Project("{FAE04EC0-301F-11D3-BF4B-00C04F79EFBC}") = "NPCGen.Generators.Interfaces", "NPCGen\Generators\NPCGen.Generators.Interfaces\NPCGen.Generators.Interfaces.csproj", "{7F262696-287C-4308-8BB3-C6563B7F4878}"
EndProject
Project("{FAE04EC0-301F-11D3-BF4B-00C04F79EFBC}") = "NPCGen.Mappers", "NPCGen\Mappers\NPCGen.Mappers\NPCGen.Mappers.csproj", "{6B1EE880-6C92-43BE-9941-1836BC188159}"
EndProject
Project("{FAE04EC0-301F-11D3-BF4B-00C04F79EFBC}") = "NPCGen.Mappers.Interfaces", "NPCGen\Mappers\NPCGen.Mappers.Interfaces\NPCGen.Mappers.Interfaces.csproj", "{0BC49AF8-8C54-46B4-80A4-9CDA1C14282C}"
EndProject
Project("{FAE04EC0-301F-11D3-BF4B-00C04F79EFBC}") = "NPCGen.Selectors", "NPCGen\Selectors\NPCGen.Selectors\NPCGen.Selectors.csproj", "{6C924E33-08A7-4F1E-98E0-9E03EB614237}"
EndProject
Project("{FAE04EC0-301F-11D3-BF4B-00C04F79EFBC}") = "NPCGen.Selectors.Interfaces", "NPCGen\Selectors\NPCGen.Selectors.Interfaces\NPCGen.Selectors.Interfaces.csproj", "{98848DC9-C901-4189-8559-54D68215F3A7}"
EndProject
Project("{FAE04EC0-301F-11D3-BF4B-00C04F79EFBC}") = "NPCGen.Tables", "NPCGen\Tables\NPCGen.Tables\NPCGen.Tables.csproj", "{5A8AC6CD-4CAF-4C7D-AF02-001B3663E751}"
EndProject
Project("{FAE04EC0-301F-11D3-BF4B-00C04F79EFBC}") = "NPCGen.Tables.Interfaces", "NPCGen\Tables\NPCGen.Tables.Interfaces\NPCGen.Tables.Interfaces.csproj", "{B0ABD6A7-A3F9-456B-B820-0E90426C5FA8}"
EndProject
Project("{FAE04EC0-301F-11D3-BF4B-00C04F79EFBC}") = "NPCGen.Tests.Integration.Bootstrap", "Tests\Integration\Bootstrap\NPCGen.Tests.Integration.Bootstrap.csproj", "{EB1CE024-E54F-4C86-BBEA-195336536C19}"
EndProject
Project("{FAE04EC0-301F-11D3-BF4B-00C04F79EFBC}") = "NPCGen.Tests.Integration.Tables", "Tests\Integration\Tables\NPCGen.Tests.Integration.Tables.csproj", "{E0107845-B6DA-463C-A9D5-237FCD19A366}"
EndProject
Project("{FAE04EC0-301F-11D3-BF4B-00C04F79EFBC}") = "NPCGen.Tests.Unit.Common", "Tests\Unit\Common\NPCGen.Tests.Unit.Common.csproj", "{C7C38F7A-AFF2-4319-853F-545B62B3F2E1}"
EndProject
Project("{FAE04EC0-301F-11D3-BF4B-00C04F79EFBC}") = "NPCGen.Tests.Unit.Generators", "Tests\Unit\Generators\NPCGen.Tests.Unit.Generators.csproj", "{77A67270-F5FB-40C9-B5BC-E0D3595F511A}"
EndProject
Project("{FAE04EC0-301F-11D3-BF4B-00C04F79EFBC}") = "NPCGen.Tests.Unit.Mappers", "Tests\Unit\Mappers\NPCGen.Tests.Unit.Mappers.csproj", "{339E6EC2-4D48-4B22-A386-643BDF828D20}"
EndProject
Project("{FAE04EC0-301F-11D3-BF4B-00C04F79EFBC}") = "NPCGen.Tests.Unit.Selectors", "Tests\Unit\Selectors\NPCGen.Tests.Unit.Selectors.csproj", "{A6FA133C-C725-423C-A5B5-791C62676980}"
EndProject
Global
	GlobalSection(SolutionConfigurationPlatforms) = preSolution
		Debug|Any CPU = Debug|Any CPU
		Release|Any CPU = Release|Any CPU
	EndGlobalSection
	GlobalSection(ProjectConfigurationPlatforms) = postSolution
		{6F667C1C-C443-4878-B99F-7677BDFD93AB}.Debug|Any CPU.ActiveCfg = Debug|Any CPU
		{6F667C1C-C443-4878-B99F-7677BDFD93AB}.Debug|Any CPU.Build.0 = Debug|Any CPU
		{6F667C1C-C443-4878-B99F-7677BDFD93AB}.Release|Any CPU.ActiveCfg = Release|Any CPU
		{6F667C1C-C443-4878-B99F-7677BDFD93AB}.Release|Any CPU.Build.0 = Release|Any CPU
		{18C602E6-823C-4CEC-85D3-5EDDDCA545DB}.Debug|Any CPU.ActiveCfg = Debug|Any CPU
		{18C602E6-823C-4CEC-85D3-5EDDDCA545DB}.Debug|Any CPU.Build.0 = Debug|Any CPU
		{18C602E6-823C-4CEC-85D3-5EDDDCA545DB}.Release|Any CPU.ActiveCfg = Release|Any CPU
		{18C602E6-823C-4CEC-85D3-5EDDDCA545DB}.Release|Any CPU.Build.0 = Release|Any CPU
		{A9371758-2DE3-43AF-857D-7140B1C0A78C}.Debug|Any CPU.ActiveCfg = Debug|Any CPU
		{A9371758-2DE3-43AF-857D-7140B1C0A78C}.Debug|Any CPU.Build.0 = Debug|Any CPU
		{A9371758-2DE3-43AF-857D-7140B1C0A78C}.Release|Any CPU.ActiveCfg = Release|Any CPU
		{A9371758-2DE3-43AF-857D-7140B1C0A78C}.Release|Any CPU.Build.0 = Release|Any CPU
		{478CD8EC-751F-419E-97A5-44800CA4B950}.Debug|Any CPU.ActiveCfg = Debug|Any CPU
		{478CD8EC-751F-419E-97A5-44800CA4B950}.Debug|Any CPU.Build.0 = Debug|Any CPU
		{478CD8EC-751F-419E-97A5-44800CA4B950}.Release|Any CPU.ActiveCfg = Release|Any CPU
		{478CD8EC-751F-419E-97A5-44800CA4B950}.Release|Any CPU.Build.0 = Release|Any CPU
		{83F2B67C-3EB0-4E46-AAD5-BAFAA2E35689}.Debug|Any CPU.ActiveCfg = Debug|Any CPU
		{83F2B67C-3EB0-4E46-AAD5-BAFAA2E35689}.Debug|Any CPU.Build.0 = Debug|Any CPU
		{83F2B67C-3EB0-4E46-AAD5-BAFAA2E35689}.Release|Any CPU.ActiveCfg = Release|Any CPU
		{83F2B67C-3EB0-4E46-AAD5-BAFAA2E35689}.Release|Any CPU.Build.0 = Release|Any CPU
		{8611F130-C7BF-4EF9-BE78-E2624C58861F}.Debug|Any CPU.ActiveCfg = Debug|Any CPU
		{8611F130-C7BF-4EF9-BE78-E2624C58861F}.Debug|Any CPU.Build.0 = Debug|Any CPU
		{8611F130-C7BF-4EF9-BE78-E2624C58861F}.Release|Any CPU.ActiveCfg = Release|Any CPU
		{8611F130-C7BF-4EF9-BE78-E2624C58861F}.Release|Any CPU.Build.0 = Release|Any CPU
		{7F262696-287C-4308-8BB3-C6563B7F4878}.Debug|Any CPU.ActiveCfg = Debug|Any CPU
		{7F262696-287C-4308-8BB3-C6563B7F4878}.Debug|Any CPU.Build.0 = Debug|Any CPU
		{7F262696-287C-4308-8BB3-C6563B7F4878}.Release|Any CPU.ActiveCfg = Release|Any CPU
		{7F262696-287C-4308-8BB3-C6563B7F4878}.Release|Any CPU.Build.0 = Release|Any CPU
		{6B1EE880-6C92-43BE-9941-1836BC188159}.Debug|Any CPU.ActiveCfg = Debug|Any CPU
		{6B1EE880-6C92-43BE-9941-1836BC188159}.Debug|Any CPU.Build.0 = Debug|Any CPU
		{6B1EE880-6C92-43BE-9941-1836BC188159}.Release|Any CPU.ActiveCfg = Release|Any CPU
		{6B1EE880-6C92-43BE-9941-1836BC188159}.Release|Any CPU.Build.0 = Release|Any CPU
		{0BC49AF8-8C54-46B4-80A4-9CDA1C14282C}.Debug|Any CPU.ActiveCfg = Debug|Any CPU
		{0BC49AF8-8C54-46B4-80A4-9CDA1C14282C}.Debug|Any CPU.Build.0 = Debug|Any CPU
		{0BC49AF8-8C54-46B4-80A4-9CDA1C14282C}.Release|Any CPU.ActiveCfg = Release|Any CPU
		{0BC49AF8-8C54-46B4-80A4-9CDA1C14282C}.Release|Any CPU.Build.0 = Release|Any CPU
		{6C924E33-08A7-4F1E-98E0-9E03EB614237}.Debug|Any CPU.ActiveCfg = Debug|Any CPU
		{6C924E33-08A7-4F1E-98E0-9E03EB614237}.Debug|Any CPU.Build.0 = Debug|Any CPU
		{6C924E33-08A7-4F1E-98E0-9E03EB614237}.Release|Any CPU.ActiveCfg = Release|Any CPU
		{6C924E33-08A7-4F1E-98E0-9E03EB614237}.Release|Any CPU.Build.0 = Release|Any CPU
		{98848DC9-C901-4189-8559-54D68215F3A7}.Debug|Any CPU.ActiveCfg = Debug|Any CPU
		{98848DC9-C901-4189-8559-54D68215F3A7}.Debug|Any CPU.Build.0 = Debug|Any CPU
		{98848DC9-C901-4189-8559-54D68215F3A7}.Release|Any CPU.ActiveCfg = Release|Any CPU
		{98848DC9-C901-4189-8559-54D68215F3A7}.Release|Any CPU.Build.0 = Release|Any CPU
		{5A8AC6CD-4CAF-4C7D-AF02-001B3663E751}.Debug|Any CPU.ActiveCfg = Debug|Any CPU
		{5A8AC6CD-4CAF-4C7D-AF02-001B3663E751}.Debug|Any CPU.Build.0 = Debug|Any CPU
		{5A8AC6CD-4CAF-4C7D-AF02-001B3663E751}.Release|Any CPU.ActiveCfg = Release|Any CPU
		{5A8AC6CD-4CAF-4C7D-AF02-001B3663E751}.Release|Any CPU.Build.0 = Release|Any CPU
		{B0ABD6A7-A3F9-456B-B820-0E90426C5FA8}.Debug|Any CPU.ActiveCfg = Debug|Any CPU
		{B0ABD6A7-A3F9-456B-B820-0E90426C5FA8}.Debug|Any CPU.Build.0 = Debug|Any CPU
		{B0ABD6A7-A3F9-456B-B820-0E90426C5FA8}.Release|Any CPU.ActiveCfg = Release|Any CPU
		{B0ABD6A7-A3F9-456B-B820-0E90426C5FA8}.Release|Any CPU.Build.0 = Release|Any CPU
		{EB1CE024-E54F-4C86-BBEA-195336536C19}.Debug|Any CPU.ActiveCfg = Debug|Any CPU
		{EB1CE024-E54F-4C86-BBEA-195336536C19}.Debug|Any CPU.Build.0 = Debug|Any CPU
		{EB1CE024-E54F-4C86-BBEA-195336536C19}.Release|Any CPU.ActiveCfg = Release|Any CPU
		{EB1CE024-E54F-4C86-BBEA-195336536C19}.Release|Any CPU.Build.0 = Release|Any CPU
		{E0107845-B6DA-463C-A9D5-237FCD19A366}.Debug|Any CPU.ActiveCfg = Debug|Any CPU
		{E0107845-B6DA-463C-A9D5-237FCD19A366}.Debug|Any CPU.Build.0 = Debug|Any CPU
		{E0107845-B6DA-463C-A9D5-237FCD19A366}.Release|Any CPU.ActiveCfg = Release|Any CPU
		{E0107845-B6DA-463C-A9D5-237FCD19A366}.Release|Any CPU.Build.0 = Release|Any CPU
		{C7C38F7A-AFF2-4319-853F-545B62B3F2E1}.Debug|Any CPU.ActiveCfg = Debug|Any CPU
		{C7C38F7A-AFF2-4319-853F-545B62B3F2E1}.Debug|Any CPU.Build.0 = Debug|Any CPU
		{C7C38F7A-AFF2-4319-853F-545B62B3F2E1}.Release|Any CPU.ActiveCfg = Release|Any CPU
		{C7C38F7A-AFF2-4319-853F-545B62B3F2E1}.Release|Any CPU.Build.0 = Release|Any CPU
		{77A67270-F5FB-40C9-B5BC-E0D3595F511A}.Debug|Any CPU.ActiveCfg = Debug|Any CPU
		{77A67270-F5FB-40C9-B5BC-E0D3595F511A}.Debug|Any CPU.Build.0 = Debug|Any CPU
		{77A67270-F5FB-40C9-B5BC-E0D3595F511A}.Release|Any CPU.ActiveCfg = Release|Any CPU
		{77A67270-F5FB-40C9-B5BC-E0D3595F511A}.Release|Any CPU.Build.0 = Release|Any CPU
		{339E6EC2-4D48-4B22-A386-643BDF828D20}.Debug|Any CPU.ActiveCfg = Debug|Any CPU
		{339E6EC2-4D48-4B22-A386-643BDF828D20}.Debug|Any CPU.Build.0 = Debug|Any CPU
		{339E6EC2-4D48-4B22-A386-643BDF828D20}.Release|Any CPU.ActiveCfg = Release|Any CPU
		{339E6EC2-4D48-4B22-A386-643BDF828D20}.Release|Any CPU.Build.0 = Release|Any CPU
		{A6FA133C-C725-423C-A5B5-791C62676980}.Debug|Any CPU.ActiveCfg = Debug|Any CPU
		{A6FA133C-C725-423C-A5B5-791C62676980}.Debug|Any CPU.Build.0 = Debug|Any CPU
		{A6FA133C-C725-423C-A5B5-791C62676980}.Release|Any CPU.ActiveCfg = Release|Any CPU
		{A6FA133C-C725-423C-A5B5-791C62676980}.Release|Any CPU.Build.0 = Release|Any CPU
	EndGlobalSection
	GlobalSection(SolutionProperties) = preSolution
		HideSolutionNode = FALSE
	EndGlobalSection
	GlobalSection(NestedProjects) = preSolution
		{18C602E6-823C-4CEC-85D3-5EDDDCA545DB} = {C61A405A-B08F-4D75-BE62-3DE1B36FA6C5}
		{7B90C9B4-6572-4239-9985-400C1DC15479} = {7121D619-B8F2-4D63-86AE-43A8D504F3EB}
		{A9371758-2DE3-43AF-857D-7140B1C0A78C} = {7B90C9B4-6572-4239-9985-400C1DC15479}
		{478CD8EC-751F-419E-97A5-44800CA4B950} = {7B90C9B4-6572-4239-9985-400C1DC15479}
		{F73B0C59-9390-4602-B621-29CFA0C8D0BF} = {26301197-4BC2-4FD2-BBB2-D17ADED156A1}
		{D7202C77-D325-464A-8DDE-57FC88096239} = {26301197-4BC2-4FD2-BBB2-D17ADED156A1}
		{431B7EBA-5A35-40E2-B019-6B3336478FD5} = {26301197-4BC2-4FD2-BBB2-D17ADED156A1}
		{54FB5AA8-98FA-41B9-AFA1-106B05A2254C} = {26301197-4BC2-4FD2-BBB2-D17ADED156A1}
		{EB187B43-F3BC-440D-A34E-15DA89597DF8} = {26301197-4BC2-4FD2-BBB2-D17ADED156A1}
		{CFBA617E-6E73-4FA8-9F8E-AABD8C170CE4} = {7121D619-B8F2-4D63-86AE-43A8D504F3EB}
		{83F2B67C-3EB0-4E46-AAD5-BAFAA2E35689} = {EB187B43-F3BC-440D-A34E-15DA89597DF8}
		{8611F130-C7BF-4EF9-BE78-E2624C58861F} = {F73B0C59-9390-4602-B621-29CFA0C8D0BF}
		{7F262696-287C-4308-8BB3-C6563B7F4878} = {F73B0C59-9390-4602-B621-29CFA0C8D0BF}
		{6B1EE880-6C92-43BE-9941-1836BC188159} = {431B7EBA-5A35-40E2-B019-6B3336478FD5}
		{0BC49AF8-8C54-46B4-80A4-9CDA1C14282C} = {431B7EBA-5A35-40E2-B019-6B3336478FD5}
		{6C924E33-08A7-4F1E-98E0-9E03EB614237} = {D7202C77-D325-464A-8DDE-57FC88096239}
		{98848DC9-C901-4189-8559-54D68215F3A7} = {D7202C77-D325-464A-8DDE-57FC88096239}
		{5A8AC6CD-4CAF-4C7D-AF02-001B3663E751} = {54FB5AA8-98FA-41B9-AFA1-106B05A2254C}
		{B0ABD6A7-A3F9-456B-B820-0E90426C5FA8} = {54FB5AA8-98FA-41B9-AFA1-106B05A2254C}
		{EB1CE024-E54F-4C86-BBEA-195336536C19} = {7B90C9B4-6572-4239-9985-400C1DC15479}
		{E0107845-B6DA-463C-A9D5-237FCD19A366} = {7B90C9B4-6572-4239-9985-400C1DC15479}
		{C7C38F7A-AFF2-4319-853F-545B62B3F2E1} = {CFBA617E-6E73-4FA8-9F8E-AABD8C170CE4}
		{77A67270-F5FB-40C9-B5BC-E0D3595F511A} = {CFBA617E-6E73-4FA8-9F8E-AABD8C170CE4}
		{339E6EC2-4D48-4B22-A386-643BDF828D20} = {CFBA617E-6E73-4FA8-9F8E-AABD8C170CE4}
		{A6FA133C-C725-423C-A5B5-791C62676980} = {CFBA617E-6E73-4FA8-9F8E-AABD8C170CE4}
	EndGlobalSection
EndGlobal
