
Microsoft Visual Studio Solution File, Format Version 12.00
# Visual Studio 2012
Project("{FAE04EC0-301F-11D3-BF4B-00C04F79EFBC}") = "NPCGen.Core", "Core\NPCGen.Core.csproj", "{83F2B67C-3EB0-4E46-AAD5-BAFAA2E35689}"
EndProject
Project("{FAE04EC0-301F-11D3-BF4B-00C04F79EFBC}") = "NPCGen.Legacy", "Legacy\NPCGen.Legacy.csproj", "{6F667C1C-C443-4878-B99F-7677BDFD93AB}"
EndProject
Project("{FAE04EC0-301F-11D3-BF4B-00C04F79EFBC}") = "NPCGen.Bootstrap", "Bootstrap\NPCGen.Bootstrap.csproj", "{18C602E6-823C-4CEC-85D3-5EDDDCA545DB}"
EndProject
Project("{FAE04EC0-301F-11D3-BF4B-00C04F79EFBC}") = "NPCGen.Tests.Unit", "Tests\Unit\NPCGen.Tests.Unit.csproj", "{F862798F-0036-4B3E-8514-40107886C063}"
EndProject
Project("{FAE04EC0-301F-11D3-BF4B-00C04F79EFBC}") = "NPCGen.Tests.Integration", "Tests\Integration\NPCGen.Tests.Integration.csproj", "{E0107845-B6DA-463C-A9D5-237FCD19A366}"
EndProject
Global
	GlobalSection(SolutionConfigurationPlatforms) = preSolution
		Debug|Any CPU = Debug|Any CPU
		Release|Any CPU = Release|Any CPU
	EndGlobalSection
	GlobalSection(ProjectConfigurationPlatforms) = postSolution
		{83F2B67C-3EB0-4E46-AAD5-BAFAA2E35689}.Debug|Any CPU.ActiveCfg = Debug|Any CPU
		{83F2B67C-3EB0-4E46-AAD5-BAFAA2E35689}.Debug|Any CPU.Build.0 = Debug|Any CPU
		{83F2B67C-3EB0-4E46-AAD5-BAFAA2E35689}.Release|Any CPU.ActiveCfg = Release|Any CPU
		{83F2B67C-3EB0-4E46-AAD5-BAFAA2E35689}.Release|Any CPU.Build.0 = Release|Any CPU
		{6F667C1C-C443-4878-B99F-7677BDFD93AB}.Debug|Any CPU.ActiveCfg = Debug|Any CPU
		{6F667C1C-C443-4878-B99F-7677BDFD93AB}.Debug|Any CPU.Build.0 = Debug|Any CPU
		{6F667C1C-C443-4878-B99F-7677BDFD93AB}.Release|Any CPU.ActiveCfg = Release|Any CPU
		{6F667C1C-C443-4878-B99F-7677BDFD93AB}.Release|Any CPU.Build.0 = Release|Any CPU
		{18C602E6-823C-4CEC-85D3-5EDDDCA545DB}.Debug|Any CPU.ActiveCfg = Debug|Any CPU
		{18C602E6-823C-4CEC-85D3-5EDDDCA545DB}.Debug|Any CPU.Build.0 = Debug|Any CPU
		{18C602E6-823C-4CEC-85D3-5EDDDCA545DB}.Release|Any CPU.ActiveCfg = Release|Any CPU
		{18C602E6-823C-4CEC-85D3-5EDDDCA545DB}.Release|Any CPU.Build.0 = Release|Any CPU
		{F862798F-0036-4B3E-8514-40107886C063}.Debug|Any CPU.ActiveCfg = Debug|Any CPU
		{F862798F-0036-4B3E-8514-40107886C063}.Debug|Any CPU.Build.0 = Debug|Any CPU
		{F862798F-0036-4B3E-8514-40107886C063}.Release|Any CPU.ActiveCfg = Release|Any CPU
		{F862798F-0036-4B3E-8514-40107886C063}.Release|Any CPU.Build.0 = Release|Any CPU
		{E0107845-B6DA-463C-A9D5-237FCD19A366}.Debug|Any CPU.ActiveCfg = Debug|Any CPU
		{E0107845-B6DA-463C-A9D5-237FCD19A366}.Debug|Any CPU.Build.0 = Debug|Any CPU
		{E0107845-B6DA-463C-A9D5-237FCD19A366}.Release|Any CPU.ActiveCfg = Release|Any CPU
		{E0107845-B6DA-463C-A9D5-237FCD19A366}.Release|Any CPU.Build.0 = Release|Any CPU
	EndGlobalSection
	GlobalSection(SolutionProperties) = preSolution
		HideSolutionNode = FALSE
	EndGlobalSection
EndGlobal
